{
  "name": "pretur.sequelize",
  "version": "0.19.1",
  "lockfileVersion": 1,
  "dependencies": {
    "@types/bluebird": {
      "version": "https://registry.npmjs.org/@types/bluebird/-/bluebird-3.5.4.tgz",
      "integrity": "sha1-8SAWKwT9bVXhA0bX4ulu7UYrAs8="
    },
    "@types/lodash": {
      "version": "4.14.65",
      "resolved": "https://registry.npmjs.org/@types/lodash/-/lodash-4.14.65.tgz",
      "integrity": "sha512-r2lKDTjNe6BJirGezs8lEv140Fs0n7BBgSV3SYDGErjBYeBnba/jVsakgKAtbWkmzWxy2X021OyRDKs2WdKN6w=="
    },
    "@types/node": {
      "version": "6.0.78",
      "resolved": "https://registry.npmjs.org/@types/node/-/node-6.0.78.tgz",
      "integrity": "sha512-+vD6E8ixntRzzZukoF3uP1iV+ZjVN3koTcaeK+BEoc/kSfGbLDIGC7RmCaUgVpUfN6cWvfczFRERCyKM9mkvXg=="
    },
    "@types/sequelize": {
      "version": "4.0.60",
      "resolved": "https://registry.npmjs.org/@types/sequelize/-/sequelize-4.0.60.tgz",
      "integrity": "sha512-Be2je4WAGyzqGzOihthgqDEnuRTxteKh2QB78UXCpHD4pWR37pTeQRNCZHAko0CySwQbZfhKdQ9L4VtqUVwJCQ=="
    },
    "@types/validator": {
      "version": "https://registry.npmjs.org/@types/validator/-/validator-6.2.0.tgz",
      "integrity": "sha1-AgMi/hkp9piJ62daG9tamDlLcfA="
    },
    "balanced-match": {
      "version": "https://registry.npmjs.org/balanced-match/-/balanced-match-0.4.2.tgz",
      "integrity": "sha1-yz8+PHMtwPAe5wtAPzAuYddwmDg=",
      "dev": true
    },
    "bluebird": {
      "version": "https://registry.npmjs.org/bluebird/-/bluebird-3.5.0.tgz",
      "integrity": "sha1-eRQg1/VR7qKJdFOop3ZT+WYG1nw="
    },
    "brace-expansion": {
      "version": "https://registry.npmjs.org/brace-expansion/-/brace-expansion-1.1.6.tgz",
      "integrity": "sha1-cZfX6qm4fmSDkOph/GbIRCdCDfk=",
      "dev": true
    },
    "cls-bluebird": {
      "version": "https://registry.npmjs.org/cls-bluebird/-/cls-bluebird-2.0.1.tgz",
      "integrity": "sha1-wlmkgK4CwOUGE0MHuxPbMERu4uc="
    },
    "concat-map": {
      "version": "https://registry.npmjs.org/concat-map/-/concat-map-0.0.1.tgz",
      "integrity": "sha1-2Klr13/Wjfd5OnMDajug1UBdR3s=",
      "dev": true
    },
    "cross-env": {
      "version": "https://registry.npmjs.org/cross-env/-/cross-env-3.2.3.tgz",
      "integrity": "sha1-pDoHmbjsQi0Cebgpzo188tprF6w="
    },
    "cross-spawn": {
      "version": "https://registry.npmjs.org/cross-spawn/-/cross-spawn-5.1.0.tgz",
      "integrity": "sha1-6L0O/uWPz/b4+UUQoKVUu/ojVEk="
    },
    "debug": {
      "version": "https://registry.npmjs.org/debug/-/debug-2.6.1.tgz",
      "integrity": "sha1-eYVQkLosTjEVzH2HaUkdWPBJE1E="
    },
    "depd": {
      "version": "https://registry.npmjs.org/depd/-/depd-1.1.0.tgz",
      "integrity": "sha1-4b2Cxqq2ztlluXuIsX7T5SjKGMM="
    },
    "env-cmd": {
      "version": "5.1.0",
      "resolved": "https://registry.npmjs.org/env-cmd/-/env-cmd-5.1.0.tgz",
      "integrity": "sha1-AjbbOTw/AzAFIE/NCpLuQHI6nJ4="
    },
    "fs.realpath": {
      "version": "https://registry.npmjs.org/fs.realpath/-/fs.realpath-1.0.0.tgz",
      "integrity": "sha1-FQStJSMVjKpA20onh8sBQRmU6k8=",
      "dev": true
    },
    "glob": {
      "version": "https://registry.npmjs.org/glob/-/glob-7.1.1.tgz",
      "integrity": "sha1-gFIR3wT6rxxjo2ADBs31reULLsg=",
      "dev": true
    },
    "inflection": {
      "version": "https://registry.npmjs.org/inflection/-/inflection-1.10.0.tgz",
      "integrity": "sha1-W//LEZetPoEFD44X4hZoCH7p6y8="
    },
    "inflight": {
      "version": "https://registry.npmjs.org/inflight/-/inflight-1.0.6.tgz",
      "integrity": "sha1-Sb1jMdfQLQwJvJEKEHW6gWW1bfk=",
      "dev": true
    },
    "inherits": {
      "version": "https://registry.npmjs.org/inherits/-/inherits-2.0.3.tgz",
      "integrity": "sha1-Yzwsg+PaQqUC9SRmAiSA9CCCYd4=",
      "dev": true
    },
    "is-bluebird": {
      "version": "https://registry.npmjs.org/is-bluebird/-/is-bluebird-1.0.2.tgz",
      "integrity": "sha1-CWQ5Bg9KpBGr7hkUOoTWpVNG1uI="
    },
    "is-windows": {
      "version": "https://registry.npmjs.org/is-windows/-/is-windows-1.0.0.tgz",
      "integrity": "sha1-xh1hAgw+vpkmG3gb09FiI5X1R/g="
    },
    "isexe": {
      "version": "https://registry.npmjs.org/isexe/-/isexe-1.1.2.tgz",
      "integrity": "sha1-NvPiLmB1CSD15yQaR2qMakInWtA="
    },
    "lodash": {
      "version": "https://registry.npmjs.org/lodash/-/lodash-4.17.4.tgz",
      "integrity": "sha1-eCA6TRwyiuHYbcpkYONptX9AVa4="
    },
    "lru-cache": {
      "version": "https://registry.npmjs.org/lru-cache/-/lru-cache-4.0.2.tgz",
      "integrity": "sha1-HRdnnAac2l0ECZGgnbwsDbN35V4="
    },
    "minimatch": {
      "version": "https://registry.npmjs.org/minimatch/-/minimatch-3.0.3.tgz",
      "integrity": "sha1-Kk5AkLlrLbBqnX3wEFWmKnfJt3Q=",
      "dev": true
    },
    "moment": {
      "version": "https://registry.npmjs.org/moment/-/moment-2.17.1.tgz",
      "integrity": "sha1-/tlQYGPzaxDwZsi1mhRNf66+HYI="
    },
    "moment-timezone": {
      "version": "https://registry.npmjs.org/moment-timezone/-/moment-timezone-0.5.11.tgz",
      "integrity": "sha1-m3bAPY71FMfkJJp7vOZJ7tOe8p8="
    },
    "ms": {
      "version": "https://registry.npmjs.org/ms/-/ms-0.7.2.tgz",
      "integrity": "sha1-riXPJRKziFodldfwN4aNhDESR2U="
    },
    "once": {
      "version": "https://registry.npmjs.org/once/-/once-1.4.0.tgz",
      "integrity": "sha1-WDsap3WWHUsROsF9nFC6753Xa9E=",
      "dev": true
    },
    "path-is-absolute": {
      "version": "https://registry.npmjs.org/path-is-absolute/-/path-is-absolute-1.0.1.tgz",
      "integrity": "sha1-F0uSaHNVNP+8es5r9TpanhtcX18=",
      "dev": true
    },
    "pretur.i18n": {
      "version": "0.19.1",
      "dependencies": {
        "@types/node": {
          "version": "7.0.29",
          "resolved": "https://registry.npmjs.org/@types/node/-/node-7.0.29.tgz",
          "integrity": "sha512-+8JrLZny/uR+d/jLK9eaV63buRM7X/gNzQk57q76NS4KNKLSKOmxJYFIlwuP2zDvA7wqZj05POPhSd9Z1hYQpQ=="
        },
        "abbrev": {
          "version": "https://registry.npmjs.org/abbrev/-/abbrev-1.1.0.tgz",
          "integrity": "sha1-0FVMIlZjbi9W58LlrRg/hZQo2B8="
        },
        "balanced-match": {
          "version": "https://registry.npmjs.org/balanced-match/-/balanced-match-0.4.2.tgz",
          "integrity": "sha1-yz8+PHMtwPAe5wtAPzAuYddwmDg="
        },
        "brace-expansion": {
          "version": "https://registry.npmjs.org/brace-expansion/-/brace-expansion-1.1.6.tgz",
          "integrity": "sha1-cZfX6qm4fmSDkOph/GbIRCdCDfk="
        },
        "concat-map": {
          "version": "https://registry.npmjs.org/concat-map/-/concat-map-0.0.1.tgz",
          "integrity": "sha1-2Klr13/Wjfd5OnMDajug1UBdR3s="
        },
        "fs.realpath": {
          "version": "https://registry.npmjs.org/fs.realpath/-/fs.realpath-1.0.0.tgz",
          "integrity": "sha1-FQStJSMVjKpA20onh8sBQRmU6k8="
        },
        "glob": {
          "version": "https://registry.npmjs.org/glob/-/glob-7.0.6.tgz",
          "integrity": "sha1-IRuvr0nlJbjNkyYNFKsTYVKz9Xo="
        },
        "inflight": {
          "version": "https://registry.npmjs.org/inflight/-/inflight-1.0.6.tgz",
          "integrity": "sha1-Sb1jMdfQLQwJvJEKEHW6gWW1bfk="
        },
        "inherits": {
          "version": "https://registry.npmjs.org/inherits/-/inherits-2.0.3.tgz",
          "integrity": "sha1-Yzwsg+PaQqUC9SRmAiSA9CCCYd4="
        },
        "make-plural": {
          "version": "https://registry.npmjs.org/make-plural/-/make-plural-3.0.6.tgz",
          "integrity": "sha1-IDOgO6wpC487uRJY9lud9+iwHKc="
        },
        "messageformat": {
          "version": "https://registry.npmjs.org/messageformat/-/messageformat-1.0.2.tgz",
          "integrity": "sha1-kI9GkfKf8o2uNcRUNqJM/5NAI4g="
        },
        "messageformat-parser": {
          "version": "https://registry.npmjs.org/messageformat-parser/-/messageformat-parser-1.0.0.tgz",
          "integrity": "sha1-PeohQZ8UHFACainUsiOSA61hPT8="
        },
        "minimatch": {
          "version": "https://registry.npmjs.org/minimatch/-/minimatch-3.0.3.tgz",
          "integrity": "sha1-Kk5AkLlrLbBqnX3wEFWmKnfJt3Q="
        },
        "minimist": {
          "version": "https://registry.npmjs.org/minimist/-/minimist-1.2.0.tgz",
          "integrity": "sha1-o1AIsg9BOD7sH7kU9M1d95omQoQ=",
          "optional": true
        },
        "nopt": {
          "version": "https://registry.npmjs.org/nopt/-/nopt-3.0.6.tgz",
          "integrity": "sha1-xkZdvwirzU2zWTF/eaxopkayj/k="
        },
        "once": {
          "version": "https://registry.npmjs.org/once/-/once-1.4.0.tgz",
          "integrity": "sha1-WDsap3WWHUsROsF9nFC6753Xa9E="
        },
        "path-is-absolute": {
          "version": "https://registry.npmjs.org/path-is-absolute/-/path-is-absolute-1.0.1.tgz",
          "integrity": "sha1-F0uSaHNVNP+8es5r9TpanhtcX18="
        },
        "reserved-words": {
          "version": "https://registry.npmjs.org/reserved-words/-/reserved-words-0.1.1.tgz",
          "integrity": "sha1-b3wV5eVhTFDalhYw2kat3IfAzvI="
        },
        "rimraf": {
          "version": "https://registry.npmjs.org/rimraf/-/rimraf-2.6.1.tgz",
          "integrity": "sha1-wjOOxkPfeht/5cVPqG9XQopV8z0="
        },
        "tslib": {
          "version": "https://registry.npmjs.org/tslib/-/tslib-1.7.1.tgz",
          "integrity": "sha1-vIAEFkaRkjp5/oN4u+s9ogF1OOw="
        },
        "typescript": {
          "version": "2.4.0-dev.20170611",
          "resolved": "https://registry.npmjs.org/typescript/-/typescript-2.4.0-dev.20170611.tgz",
          "integrity": "sha1-/FBk4UcFwV8Nutm5BR46CTtoQoU="
        },
        "wrappy": {
          "version": "https://registry.npmjs.org/wrappy/-/wrappy-1.0.2.tgz",
          "integrity": "sha1-tSQ9jz7BqjXxNkYFvA0QNuMKtp8="
        }
      }
    },
    "pretur.spec": {
      "version": "0.19.1",
      "dependencies": {
        "@types/lodash": {
          "version": "4.14.65",
          "resolved": "https://registry.npmjs.org/@types/lodash/-/lodash-4.14.65.tgz",
          "integrity": "sha512-r2lKDTjNe6BJirGezs8lEv140Fs0n7BBgSV3SYDGErjBYeBnba/jVsakgKAtbWkmzWxy2X021OyRDKs2WdKN6w=="
        },
        "@types/node": {
          "version": "7.0.29",
          "resolved": "https://registry.npmjs.org/@types/node/-/node-7.0.29.tgz",
          "integrity": "sha512-+8JrLZny/uR+d/jLK9eaV63buRM7X/gNzQk57q76NS4KNKLSKOmxJYFIlwuP2zDvA7wqZj05POPhSd9Z1hYQpQ=="
        },
        "balanced-match": {
          "version": "https://registry.npmjs.org/balanced-match/-/balanced-match-0.4.2.tgz",
          "integrity": "sha1-yz8+PHMtwPAe5wtAPzAuYddwmDg="
        },
        "brace-expansion": {
          "version": "https://registry.npmjs.org/brace-expansion/-/brace-expansion-1.1.6.tgz",
          "integrity": "sha1-cZfX6qm4fmSDkOph/GbIRCdCDfk="
        },
        "concat-map": {
          "version": "https://registry.npmjs.org/concat-map/-/concat-map-0.0.1.tgz",
          "integrity": "sha1-2Klr13/Wjfd5OnMDajug1UBdR3s="
        },
        "fs.realpath": {
          "version": "https://registry.npmjs.org/fs.realpath/-/fs.realpath-1.0.0.tgz",
          "integrity": "sha1-FQStJSMVjKpA20onh8sBQRmU6k8="
        },
        "glob": {
          "version": "https://registry.npmjs.org/glob/-/glob-7.1.1.tgz",
          "integrity": "sha1-gFIR3wT6rxxjo2ADBs31reULLsg="
        },
        "inflight": {
          "version": "https://registry.npmjs.org/inflight/-/inflight-1.0.6.tgz",
          "integrity": "sha1-Sb1jMdfQLQwJvJEKEHW6gWW1bfk="
        },
        "inherits": {
          "version": "https://registry.npmjs.org/inherits/-/inherits-2.0.3.tgz",
          "integrity": "sha1-Yzwsg+PaQqUC9SRmAiSA9CCCYd4="
        },
        "lodash": {
          "version": "https://registry.npmjs.org/lodash/-/lodash-4.17.4.tgz",
          "integrity": "sha1-eCA6TRwyiuHYbcpkYONptX9AVa4="
        },
        "minimatch": {
          "version": "https://registry.npmjs.org/minimatch/-/minimatch-3.0.3.tgz",
          "integrity": "sha1-Kk5AkLlrLbBqnX3wEFWmKnfJt3Q="
        },
        "once": {
          "version": "https://registry.npmjs.org/once/-/once-1.4.0.tgz",
          "integrity": "sha1-WDsap3WWHUsROsF9nFC6753Xa9E="
        },
        "path-is-absolute": {
          "version": "https://registry.npmjs.org/path-is-absolute/-/path-is-absolute-1.0.1.tgz",
          "integrity": "sha1-F0uSaHNVNP+8es5r9TpanhtcX18="
        },
        "pretur.i18n": {
          "version": "0.19.1",
          "dependencies": {
            "@types/node": {
              "version": "7.0.29",
              "resolved": "https://registry.npmjs.org/@types/node/-/node-7.0.29.tgz",
              "integrity": "sha512-+8JrLZny/uR+d/jLK9eaV63buRM7X/gNzQk57q76NS4KNKLSKOmxJYFIlwuP2zDvA7wqZj05POPhSd9Z1hYQpQ=="
            },
            "abbrev": {
              "version": "https://registry.npmjs.org/abbrev/-/abbrev-1.1.0.tgz",
              "integrity": "sha1-0FVMIlZjbi9W58LlrRg/hZQo2B8="
            },
            "balanced-match": {
              "version": "https://registry.npmjs.org/balanced-match/-/balanced-match-0.4.2.tgz",
              "integrity": "sha1-yz8+PHMtwPAe5wtAPzAuYddwmDg="
            },
            "brace-expansion": {
              "version": "https://registry.npmjs.org/brace-expansion/-/brace-expansion-1.1.6.tgz",
              "integrity": "sha1-cZfX6qm4fmSDkOph/GbIRCdCDfk="
            },
            "concat-map": {
              "version": "https://registry.npmjs.org/concat-map/-/concat-map-0.0.1.tgz",
              "integrity": "sha1-2Klr13/Wjfd5OnMDajug1UBdR3s="
            },
            "fs.realpath": {
              "version": "https://registry.npmjs.org/fs.realpath/-/fs.realpath-1.0.0.tgz",
              "integrity": "sha1-FQStJSMVjKpA20onh8sBQRmU6k8="
            },
            "glob": {
              "version": "https://registry.npmjs.org/glob/-/glob-7.0.6.tgz",
              "integrity": "sha1-IRuvr0nlJbjNkyYNFKsTYVKz9Xo="
            },
            "inflight": {
              "version": "https://registry.npmjs.org/inflight/-/inflight-1.0.6.tgz",
              "integrity": "sha1-Sb1jMdfQLQwJvJEKEHW6gWW1bfk="
            },
            "inherits": {
              "version": "https://registry.npmjs.org/inherits/-/inherits-2.0.3.tgz",
              "integrity": "sha1-Yzwsg+PaQqUC9SRmAiSA9CCCYd4="
            },
            "make-plural": {
              "version": "https://registry.npmjs.org/make-plural/-/make-plural-3.0.6.tgz",
              "integrity": "sha1-IDOgO6wpC487uRJY9lud9+iwHKc="
            },
            "messageformat": {
              "version": "https://registry.npmjs.org/messageformat/-/messageformat-1.0.2.tgz",
              "integrity": "sha1-kI9GkfKf8o2uNcRUNqJM/5NAI4g="
            },
            "messageformat-parser": {
              "version": "https://registry.npmjs.org/messageformat-parser/-/messageformat-parser-1.0.0.tgz",
              "integrity": "sha1-PeohQZ8UHFACainUsiOSA61hPT8="
            },
            "minimatch": {
              "version": "https://registry.npmjs.org/minimatch/-/minimatch-3.0.3.tgz",
              "integrity": "sha1-Kk5AkLlrLbBqnX3wEFWmKnfJt3Q="
            },
            "minimist": {
              "version": "https://registry.npmjs.org/minimist/-/minimist-1.2.0.tgz",
              "integrity": "sha1-o1AIsg9BOD7sH7kU9M1d95omQoQ=",
              "optional": true
            },
            "nopt": {
              "version": "https://registry.npmjs.org/nopt/-/nopt-3.0.6.tgz",
              "integrity": "sha1-xkZdvwirzU2zWTF/eaxopkayj/k="
            },
            "once": {
              "version": "https://registry.npmjs.org/once/-/once-1.4.0.tgz",
              "integrity": "sha1-WDsap3WWHUsROsF9nFC6753Xa9E="
            },
            "path-is-absolute": {
              "version": "https://registry.npmjs.org/path-is-absolute/-/path-is-absolute-1.0.1.tgz",
              "integrity": "sha1-F0uSaHNVNP+8es5r9TpanhtcX18="
            },
            "reserved-words": {
              "version": "https://registry.npmjs.org/reserved-words/-/reserved-words-0.1.1.tgz",
              "integrity": "sha1-b3wV5eVhTFDalhYw2kat3IfAzvI="
            },
            "rimraf": {
              "version": "https://registry.npmjs.org/rimraf/-/rimraf-2.6.1.tgz",
              "integrity": "sha1-wjOOxkPfeht/5cVPqG9XQopV8z0="
            },
            "tslib": {
              "version": "https://registry.npmjs.org/tslib/-/tslib-1.7.1.tgz",
              "integrity": "sha1-vIAEFkaRkjp5/oN4u+s9ogF1OOw="
            },
            "typescript": {
              "version": "2.4.0-dev.20170611",
              "resolved": "https://registry.npmjs.org/typescript/-/typescript-2.4.0-dev.20170611.tgz",
              "integrity": "sha1-/FBk4UcFwV8Nutm5BR46CTtoQoU="
            },
            "wrappy": {
              "version": "https://registry.npmjs.org/wrappy/-/wrappy-1.0.2.tgz",
              "integrity": "sha1-tSQ9jz7BqjXxNkYFvA0QNuMKtp8="
            }
          }
        },
        "pretur.validation": {
          "version": "0.19.1",
          "dependencies": {
            "@types/bluebird": {
              "version": "https://registry.npmjs.org/@types/bluebird/-/bluebird-3.5.2.tgz",
              "integrity": "sha1-7PEQQhdJXlD+C1iNU4FGzW9zO4k="
            },
            "@types/iban": {
              "version": "https://registry.npmjs.org/@types/iban/-/iban-0.0.28.tgz",
              "integrity": "sha1-Jem/Ovp6nsYBYIpHRdkM7UlQzss="
            },
            "balanced-match": {
              "version": "https://registry.npmjs.org/balanced-match/-/balanced-match-0.4.2.tgz",
              "integrity": "sha1-yz8+PHMtwPAe5wtAPzAuYddwmDg="
            },
            "bluebird": {
              "version": "https://registry.npmjs.org/bluebird/-/bluebird-3.5.0.tgz",
              "integrity": "sha1-eRQg1/VR7qKJdFOop3ZT+WYG1nw="
            },
            "brace-expansion": {
              "version": "https://registry.npmjs.org/brace-expansion/-/brace-expansion-1.1.6.tgz",
              "integrity": "sha1-cZfX6qm4fmSDkOph/GbIRCdCDfk="
            },
            "concat-map": {
              "version": "https://registry.npmjs.org/concat-map/-/concat-map-0.0.1.tgz",
              "integrity": "sha1-2Klr13/Wjfd5OnMDajug1UBdR3s="
            },
            "fs.realpath": {
              "version": "https://registry.npmjs.org/fs.realpath/-/fs.realpath-1.0.0.tgz",
              "integrity": "sha1-FQStJSMVjKpA20onh8sBQRmU6k8="
            },
            "glob": {
              "version": "https://registry.npmjs.org/glob/-/glob-7.1.1.tgz",
              "integrity": "sha1-gFIR3wT6rxxjo2ADBs31reULLsg="
            },
            "iban": {
              "version": "https://registry.npmjs.org/iban/-/iban-0.0.8.tgz",
              "integrity": "sha1-TyPSOtUEoxmjqfduyQkHu0E8rhg="
            },
            "inflight": {
              "version": "https://registry.npmjs.org/inflight/-/inflight-1.0.6.tgz",
              "integrity": "sha1-Sb1jMdfQLQwJvJEKEHW6gWW1bfk="
            },
            "inherits": {
              "version": "https://registry.npmjs.org/inherits/-/inherits-2.0.3.tgz",
              "integrity": "sha1-Yzwsg+PaQqUC9SRmAiSA9CCCYd4="
            },
            "minimatch": {
              "version": "https://registry.npmjs.org/minimatch/-/minimatch-3.0.3.tgz",
              "integrity": "sha1-Kk5AkLlrLbBqnX3wEFWmKnfJt3Q="
            },
            "once": {
              "version": "https://registry.npmjs.org/once/-/once-1.4.0.tgz",
              "integrity": "sha1-WDsap3WWHUsROsF9nFC6753Xa9E="
            },
            "path-is-absolute": {
              "version": "https://registry.npmjs.org/path-is-absolute/-/path-is-absolute-1.0.1.tgz",
              "integrity": "sha1-F0uSaHNVNP+8es5r9TpanhtcX18="
            },
            "pretur.i18n": {
              "version": "0.19.1",
              "dependencies": {
                "@types/node": {
                  "version": "7.0.29",
                  "resolved": "https://registry.npmjs.org/@types/node/-/node-7.0.29.tgz",
                  "integrity": "sha512-+8JrLZny/uR+d/jLK9eaV63buRM7X/gNzQk57q76NS4KNKLSKOmxJYFIlwuP2zDvA7wqZj05POPhSd9Z1hYQpQ=="
                },
                "abbrev": {
                  "version": "https://registry.npmjs.org/abbrev/-/abbrev-1.1.0.tgz",
                  "integrity": "sha1-0FVMIlZjbi9W58LlrRg/hZQo2B8="
                },
                "balanced-match": {
                  "version": "https://registry.npmjs.org/balanced-match/-/balanced-match-0.4.2.tgz",
                  "integrity": "sha1-yz8+PHMtwPAe5wtAPzAuYddwmDg="
                },
                "brace-expansion": {
                  "version": "https://registry.npmjs.org/brace-expansion/-/brace-expansion-1.1.6.tgz",
                  "integrity": "sha1-cZfX6qm4fmSDkOph/GbIRCdCDfk="
                },
                "concat-map": {
                  "version": "https://registry.npmjs.org/concat-map/-/concat-map-0.0.1.tgz",
                  "integrity": "sha1-2Klr13/Wjfd5OnMDajug1UBdR3s="
                },
                "fs.realpath": {
                  "version": "https://registry.npmjs.org/fs.realpath/-/fs.realpath-1.0.0.tgz",
                  "integrity": "sha1-FQStJSMVjKpA20onh8sBQRmU6k8="
                },
                "glob": {
                  "version": "https://registry.npmjs.org/glob/-/glob-7.0.6.tgz",
                  "integrity": "sha1-IRuvr0nlJbjNkyYNFKsTYVKz9Xo="
                },
                "inflight": {
                  "version": "https://registry.npmjs.org/inflight/-/inflight-1.0.6.tgz",
                  "integrity": "sha1-Sb1jMdfQLQwJvJEKEHW6gWW1bfk="
                },
                "inherits": {
                  "version": "https://registry.npmjs.org/inherits/-/inherits-2.0.3.tgz",
                  "integrity": "sha1-Yzwsg+PaQqUC9SRmAiSA9CCCYd4="
                },
                "make-plural": {
                  "version": "https://registry.npmjs.org/make-plural/-/make-plural-3.0.6.tgz",
                  "integrity": "sha1-IDOgO6wpC487uRJY9lud9+iwHKc="
                },
                "messageformat": {
                  "version": "https://registry.npmjs.org/messageformat/-/messageformat-1.0.2.tgz",
                  "integrity": "sha1-kI9GkfKf8o2uNcRUNqJM/5NAI4g="
                },
                "messageformat-parser": {
                  "version": "https://registry.npmjs.org/messageformat-parser/-/messageformat-parser-1.0.0.tgz",
                  "integrity": "sha1-PeohQZ8UHFACainUsiOSA61hPT8="
                },
                "minimatch": {
                  "version": "https://registry.npmjs.org/minimatch/-/minimatch-3.0.3.tgz",
                  "integrity": "sha1-Kk5AkLlrLbBqnX3wEFWmKnfJt3Q="
                },
                "minimist": {
                  "version": "https://registry.npmjs.org/minimist/-/minimist-1.2.0.tgz",
                  "integrity": "sha1-o1AIsg9BOD7sH7kU9M1d95omQoQ=",
                  "optional": true
                },
                "nopt": {
                  "version": "https://registry.npmjs.org/nopt/-/nopt-3.0.6.tgz",
                  "integrity": "sha1-xkZdvwirzU2zWTF/eaxopkayj/k="
                },
                "once": {
                  "version": "https://registry.npmjs.org/once/-/once-1.4.0.tgz",
                  "integrity": "sha1-WDsap3WWHUsROsF9nFC6753Xa9E="
                },
                "path-is-absolute": {
                  "version": "https://registry.npmjs.org/path-is-absolute/-/path-is-absolute-1.0.1.tgz",
                  "integrity": "sha1-F0uSaHNVNP+8es5r9TpanhtcX18="
                },
                "reserved-words": {
                  "version": "https://registry.npmjs.org/reserved-words/-/reserved-words-0.1.1.tgz",
                  "integrity": "sha1-b3wV5eVhTFDalhYw2kat3IfAzvI="
                },
                "rimraf": {
                  "version": "https://registry.npmjs.org/rimraf/-/rimraf-2.6.1.tgz",
                  "integrity": "sha1-wjOOxkPfeht/5cVPqG9XQopV8z0="
                },
                "tslib": {
                  "version": "https://registry.npmjs.org/tslib/-/tslib-1.7.1.tgz",
                  "integrity": "sha1-vIAEFkaRkjp5/oN4u+s9ogF1OOw="
                },
                "typescript": {
                  "version": "2.4.0-dev.20170611",
                  "resolved": "https://registry.npmjs.org/typescript/-/typescript-2.4.0-dev.20170611.tgz",
                  "integrity": "sha1-/FBk4UcFwV8Nutm5BR46CTtoQoU="
                },
                "wrappy": {
                  "version": "https://registry.npmjs.org/wrappy/-/wrappy-1.0.2.tgz",
                  "integrity": "sha1-tSQ9jz7BqjXxNkYFvA0QNuMKtp8="
                }
              }
            },
            "rimraf": {
              "version": "https://registry.npmjs.org/rimraf/-/rimraf-2.6.1.tgz",
              "integrity": "sha1-wjOOxkPfeht/5cVPqG9XQopV8z0="
            },
            "tslib": {
              "version": "https://registry.npmjs.org/tslib/-/tslib-1.7.1.tgz",
              "integrity": "sha1-vIAEFkaRkjp5/oN4u+s9ogF1OOw="
            },
            "typescript": {
              "version": "https://registry.npmjs.org/typescript/-/typescript-2.4.0-dev.20170523.tgz",
              "integrity": "sha1-bKEA+9Ec7qqyViMtu5YNqOxMGLE="
            },
            "wrappy": {
              "version": "https://registry.npmjs.org/wrappy/-/wrappy-1.0.2.tgz",
              "integrity": "sha1-tSQ9jz7BqjXxNkYFvA0QNuMKtp8="
            }
          }
        },
        "rimraf": {
          "version": "https://registry.npmjs.org/rimraf/-/rimraf-2.6.1.tgz",
          "integrity": "sha1-wjOOxkPfeht/5cVPqG9XQopV8z0="
        },
        "tslib": {
          "version": "https://registry.npmjs.org/tslib/-/tslib-1.7.1.tgz",
          "integrity": "sha1-vIAEFkaRkjp5/oN4u+s9ogF1OOw="
        },
        "typescript": {
          "version": "https://registry.npmjs.org/typescript/-/typescript-2.4.0-dev.20170523.tgz",
          "integrity": "sha1-bKEA+9Ec7qqyViMtu5YNqOxMGLE="
        },
        "wrappy": {
          "version": "https://registry.npmjs.org/wrappy/-/wrappy-1.0.2.tgz",
          "integrity": "sha1-tSQ9jz7BqjXxNkYFvA0QNuMKtp8="
        }
      }
    },
    "pretur.sync": {
      "version": "0.19.1",
      "dependencies": {
        "@types/bluebird": {
          "version": "https://registry.npmjs.org/@types/bluebird/-/bluebird-3.5.2.tgz",
          "integrity": "sha1-7PEQQhdJXlD+C1iNU4FGzW9zO4k="
        },
        "@types/lodash": {
          "version": "4.14.65",
          "resolved": "https://registry.npmjs.org/@types/lodash/-/lodash-4.14.65.tgz",
          "integrity": "sha512-r2lKDTjNe6BJirGezs8lEv140Fs0n7BBgSV3SYDGErjBYeBnba/jVsakgKAtbWkmzWxy2X021OyRDKs2WdKN6w=="
        },
        "@types/node": {
          "version": "7.0.29",
          "resolved": "https://registry.npmjs.org/@types/node/-/node-7.0.29.tgz",
          "integrity": "sha512-+8JrLZny/uR+d/jLK9eaV63buRM7X/gNzQk57q76NS4KNKLSKOmxJYFIlwuP2zDvA7wqZj05POPhSd9Z1hYQpQ=="
        },
        "balanced-match": {
          "version": "https://registry.npmjs.org/balanced-match/-/balanced-match-0.4.2.tgz",
          "integrity": "sha1-yz8+PHMtwPAe5wtAPzAuYddwmDg="
        },
        "bluebird": {
          "version": "https://registry.npmjs.org/bluebird/-/bluebird-3.5.0.tgz",
          "integrity": "sha1-eRQg1/VR7qKJdFOop3ZT+WYG1nw="
        },
        "brace-expansion": {
          "version": "https://registry.npmjs.org/brace-expansion/-/brace-expansion-1.1.6.tgz",
          "integrity": "sha1-cZfX6qm4fmSDkOph/GbIRCdCDfk="
        },
        "concat-map": {
          "version": "https://registry.npmjs.org/concat-map/-/concat-map-0.0.1.tgz",
          "integrity": "sha1-2Klr13/Wjfd5OnMDajug1UBdR3s="
        },
        "fs.realpath": {
          "version": "https://registry.npmjs.org/fs.realpath/-/fs.realpath-1.0.0.tgz",
          "integrity": "sha1-FQStJSMVjKpA20onh8sBQRmU6k8="
        },
        "glob": {
          "version": "https://registry.npmjs.org/glob/-/glob-7.1.1.tgz",
          "integrity": "sha1-gFIR3wT6rxxjo2ADBs31reULLsg="
        },
        "inflight": {
          "version": "https://registry.npmjs.org/inflight/-/inflight-1.0.6.tgz",
          "integrity": "sha1-Sb1jMdfQLQwJvJEKEHW6gWW1bfk="
        },
        "inherits": {
          "version": "https://registry.npmjs.org/inherits/-/inherits-2.0.3.tgz",
          "integrity": "sha1-Yzwsg+PaQqUC9SRmAiSA9CCCYd4="
        },
        "lodash": {
          "version": "https://registry.npmjs.org/lodash/-/lodash-4.17.4.tgz",
          "integrity": "sha1-eCA6TRwyiuHYbcpkYONptX9AVa4="
        },
        "minimatch": {
          "version": "https://registry.npmjs.org/minimatch/-/minimatch-3.0.3.tgz",
          "integrity": "sha1-Kk5AkLlrLbBqnX3wEFWmKnfJt3Q="
        },
        "once": {
          "version": "https://registry.npmjs.org/once/-/once-1.4.0.tgz",
          "integrity": "sha1-WDsap3WWHUsROsF9nFC6753Xa9E="
        },
        "path-is-absolute": {
          "version": "https://registry.npmjs.org/path-is-absolute/-/path-is-absolute-1.0.1.tgz",
          "integrity": "sha1-F0uSaHNVNP+8es5r9TpanhtcX18="
        },
        "pretur.fetch": {
          "version": "0.19.0",
          "dependencies": {
            "@types/node": {
              "version": "7.0.29",
              "resolved": "https://registry.npmjs.org/@types/node/-/node-7.0.29.tgz",
              "integrity": "sha512-+8JrLZny/uR+d/jLK9eaV63buRM7X/gNzQk57q76NS4KNKLSKOmxJYFIlwuP2zDvA7wqZj05POPhSd9Z1hYQpQ=="
            },
            "balanced-match": {
              "version": "https://registry.npmjs.org/balanced-match/-/balanced-match-0.4.2.tgz",
              "integrity": "sha1-yz8+PHMtwPAe5wtAPzAuYddwmDg="
            },
            "brace-expansion": {
              "version": "https://registry.npmjs.org/brace-expansion/-/brace-expansion-1.1.6.tgz",
              "integrity": "sha1-cZfX6qm4fmSDkOph/GbIRCdCDfk="
            },
            "concat-map": {
              "version": "https://registry.npmjs.org/concat-map/-/concat-map-0.0.1.tgz",
              "integrity": "sha1-2Klr13/Wjfd5OnMDajug1UBdR3s="
            },
            "encoding": {
              "version": "https://registry.npmjs.org/encoding/-/encoding-0.1.12.tgz",
              "integrity": "sha1-U4tm8+5izRq1HsMjgp0flIDHS+s="
            },
            "fs.realpath": {
              "version": "https://registry.npmjs.org/fs.realpath/-/fs.realpath-1.0.0.tgz",
              "integrity": "sha1-FQStJSMVjKpA20onh8sBQRmU6k8="
            },
            "glob": {
              "version": "https://registry.npmjs.org/glob/-/glob-7.1.1.tgz",
              "integrity": "sha1-gFIR3wT6rxxjo2ADBs31reULLsg="
            },
            "iconv-lite": {
              "version": "https://registry.npmjs.org/iconv-lite/-/iconv-lite-0.4.17.tgz",
              "integrity": "sha1-T9qjs4rLwsAxsEXQ7c3+HsqxjI0="
            },
            "inflight": {
              "version": "https://registry.npmjs.org/inflight/-/inflight-1.0.6.tgz",
              "integrity": "sha1-Sb1jMdfQLQwJvJEKEHW6gWW1bfk="
            },
            "inherits": {
              "version": "https://registry.npmjs.org/inherits/-/inherits-2.0.3.tgz",
              "integrity": "sha1-Yzwsg+PaQqUC9SRmAiSA9CCCYd4="
            },
            "is-stream": {
              "version": "https://registry.npmjs.org/is-stream/-/is-stream-1.1.0.tgz",
              "integrity": "sha1-EtSj3U5o4Lec6428hBc66A2RykQ="
            },
            "minimatch": {
              "version": "https://registry.npmjs.org/minimatch/-/minimatch-3.0.3.tgz",
              "integrity": "sha1-Kk5AkLlrLbBqnX3wEFWmKnfJt3Q="
            },
            "node-fetch": {
              "version": "1.7.1",
              "resolved": "https://registry.npmjs.org/node-fetch/-/node-fetch-1.7.1.tgz",
              "integrity": "sha512-j8XsFGCLw79vWXkZtMSmmLaOk9z5SQ9bV/tkbZVCqvgwzrjAGq66igobLofHtF63NvMTp2WjytpsNTGKa+XRIQ=="
            },
            "once": {
              "version": "https://registry.npmjs.org/once/-/once-1.4.0.tgz",
              "integrity": "sha1-WDsap3WWHUsROsF9nFC6753Xa9E="
            },
            "path-is-absolute": {
              "version": "https://registry.npmjs.org/path-is-absolute/-/path-is-absolute-1.0.1.tgz",
              "integrity": "sha1-F0uSaHNVNP+8es5r9TpanhtcX18="
            },
            "rimraf": {
              "version": "https://registry.npmjs.org/rimraf/-/rimraf-2.6.1.tgz",
              "integrity": "sha1-wjOOxkPfeht/5cVPqG9XQopV8z0="
            },
            "tslib": {
              "version": "https://registry.npmjs.org/tslib/-/tslib-1.7.1.tgz",
              "integrity": "sha1-vIAEFkaRkjp5/oN4u+s9ogF1OOw="
            },
            "typescript": {
              "version": "2.4.0-dev.20170611",
              "resolved": "https://registry.npmjs.org/typescript/-/typescript-2.4.0-dev.20170611.tgz",
              "integrity": "sha1-/FBk4UcFwV8Nutm5BR46CTtoQoU="
            },
            "whatwg-fetch": {
              "version": "https://registry.npmjs.org/whatwg-fetch/-/whatwg-fetch-2.0.3.tgz",
              "integrity": "sha1-nITsLc9oGH/wC8ZOEnS0QhduHIQ="
            },
            "wrappy": {
              "version": "https://registry.npmjs.org/wrappy/-/wrappy-1.0.2.tgz",
              "integrity": "sha1-tSQ9jz7BqjXxNkYFvA0QNuMKtp8="
            }
          }
        },
        "pretur.i18n": {
          "version": "0.19.1",
          "dependencies": {
            "@types/node": {
              "version": "7.0.29",
              "resolved": "https://registry.npmjs.org/@types/node/-/node-7.0.29.tgz",
              "integrity": "sha512-+8JrLZny/uR+d/jLK9eaV63buRM7X/gNzQk57q76NS4KNKLSKOmxJYFIlwuP2zDvA7wqZj05POPhSd9Z1hYQpQ=="
            },
            "abbrev": {
              "version": "https://registry.npmjs.org/abbrev/-/abbrev-1.1.0.tgz",
              "integrity": "sha1-0FVMIlZjbi9W58LlrRg/hZQo2B8="
            },
            "balanced-match": {
              "version": "https://registry.npmjs.org/balanced-match/-/balanced-match-0.4.2.tgz",
              "integrity": "sha1-yz8+PHMtwPAe5wtAPzAuYddwmDg="
            },
            "brace-expansion": {
              "version": "https://registry.npmjs.org/brace-expansion/-/brace-expansion-1.1.6.tgz",
              "integrity": "sha1-cZfX6qm4fmSDkOph/GbIRCdCDfk="
            },
            "concat-map": {
              "version": "https://registry.npmjs.org/concat-map/-/concat-map-0.0.1.tgz",
              "integrity": "sha1-2Klr13/Wjfd5OnMDajug1UBdR3s="
            },
            "fs.realpath": {
              "version": "https://registry.npmjs.org/fs.realpath/-/fs.realpath-1.0.0.tgz",
              "integrity": "sha1-FQStJSMVjKpA20onh8sBQRmU6k8="
            },
            "glob": {
              "version": "https://registry.npmjs.org/glob/-/glob-7.0.6.tgz",
              "integrity": "sha1-IRuvr0nlJbjNkyYNFKsTYVKz9Xo="
            },
            "inflight": {
              "version": "https://registry.npmjs.org/inflight/-/inflight-1.0.6.tgz",
              "integrity": "sha1-Sb1jMdfQLQwJvJEKEHW6gWW1bfk="
            },
            "inherits": {
              "version": "https://registry.npmjs.org/inherits/-/inherits-2.0.3.tgz",
              "integrity": "sha1-Yzwsg+PaQqUC9SRmAiSA9CCCYd4="
            },
            "make-plural": {
              "version": "https://registry.npmjs.org/make-plural/-/make-plural-3.0.6.tgz",
              "integrity": "sha1-IDOgO6wpC487uRJY9lud9+iwHKc="
            },
            "messageformat": {
              "version": "https://registry.npmjs.org/messageformat/-/messageformat-1.0.2.tgz",
              "integrity": "sha1-kI9GkfKf8o2uNcRUNqJM/5NAI4g="
            },
            "messageformat-parser": {
              "version": "https://registry.npmjs.org/messageformat-parser/-/messageformat-parser-1.0.0.tgz",
              "integrity": "sha1-PeohQZ8UHFACainUsiOSA61hPT8="
            },
            "minimatch": {
              "version": "https://registry.npmjs.org/minimatch/-/minimatch-3.0.3.tgz",
              "integrity": "sha1-Kk5AkLlrLbBqnX3wEFWmKnfJt3Q="
            },
            "minimist": {
              "version": "https://registry.npmjs.org/minimist/-/minimist-1.2.0.tgz",
              "integrity": "sha1-o1AIsg9BOD7sH7kU9M1d95omQoQ=",
              "optional": true
            },
            "nopt": {
              "version": "https://registry.npmjs.org/nopt/-/nopt-3.0.6.tgz",
              "integrity": "sha1-xkZdvwirzU2zWTF/eaxopkayj/k="
            },
            "once": {
              "version": "https://registry.npmjs.org/once/-/once-1.4.0.tgz",
              "integrity": "sha1-WDsap3WWHUsROsF9nFC6753Xa9E="
            },
            "path-is-absolute": {
              "version": "https://registry.npmjs.org/path-is-absolute/-/path-is-absolute-1.0.1.tgz",
              "integrity": "sha1-F0uSaHNVNP+8es5r9TpanhtcX18="
            },
            "reserved-words": {
              "version": "https://registry.npmjs.org/reserved-words/-/reserved-words-0.1.1.tgz",
              "integrity": "sha1-b3wV5eVhTFDalhYw2kat3IfAzvI="
            },
            "rimraf": {
              "version": "https://registry.npmjs.org/rimraf/-/rimraf-2.6.1.tgz",
              "integrity": "sha1-wjOOxkPfeht/5cVPqG9XQopV8z0="
            },
            "tslib": {
              "version": "https://registry.npmjs.org/tslib/-/tslib-1.7.1.tgz",
              "integrity": "sha1-vIAEFkaRkjp5/oN4u+s9ogF1OOw="
            },
            "typescript": {
              "version": "2.4.0-dev.20170611",
              "resolved": "https://registry.npmjs.org/typescript/-/typescript-2.4.0-dev.20170611.tgz",
              "integrity": "sha1-/FBk4UcFwV8Nutm5BR46CTtoQoU="
            },
            "wrappy": {
              "version": "https://registry.npmjs.org/wrappy/-/wrappy-1.0.2.tgz",
              "integrity": "sha1-tSQ9jz7BqjXxNkYFvA0QNuMKtp8="
            }
          }
        },
        "pretur.spec": {
          "version": "0.19.1",
          "dependencies": {
            "@types/lodash": {
              "version": "4.14.65",
              "resolved": "https://registry.npmjs.org/@types/lodash/-/lodash-4.14.65.tgz",
              "integrity": "sha512-r2lKDTjNe6BJirGezs8lEv140Fs0n7BBgSV3SYDGErjBYeBnba/jVsakgKAtbWkmzWxy2X021OyRDKs2WdKN6w=="
            },
            "@types/node": {
              "version": "7.0.29",
              "resolved": "https://registry.npmjs.org/@types/node/-/node-7.0.29.tgz",
              "integrity": "sha512-+8JrLZny/uR+d/jLK9eaV63buRM7X/gNzQk57q76NS4KNKLSKOmxJYFIlwuP2zDvA7wqZj05POPhSd9Z1hYQpQ=="
            },
            "balanced-match": {
              "version": "https://registry.npmjs.org/balanced-match/-/balanced-match-0.4.2.tgz",
              "integrity": "sha1-yz8+PHMtwPAe5wtAPzAuYddwmDg="
            },
            "brace-expansion": {
              "version": "https://registry.npmjs.org/brace-expansion/-/brace-expansion-1.1.6.tgz",
              "integrity": "sha1-cZfX6qm4fmSDkOph/GbIRCdCDfk="
            },
            "concat-map": {
              "version": "https://registry.npmjs.org/concat-map/-/concat-map-0.0.1.tgz",
              "integrity": "sha1-2Klr13/Wjfd5OnMDajug1UBdR3s="
            },
            "fs.realpath": {
              "version": "https://registry.npmjs.org/fs.realpath/-/fs.realpath-1.0.0.tgz",
              "integrity": "sha1-FQStJSMVjKpA20onh8sBQRmU6k8="
            },
            "glob": {
              "version": "https://registry.npmjs.org/glob/-/glob-7.1.1.tgz",
              "integrity": "sha1-gFIR3wT6rxxjo2ADBs31reULLsg="
            },
            "inflight": {
              "version": "https://registry.npmjs.org/inflight/-/inflight-1.0.6.tgz",
              "integrity": "sha1-Sb1jMdfQLQwJvJEKEHW6gWW1bfk="
            },
            "inherits": {
              "version": "https://registry.npmjs.org/inherits/-/inherits-2.0.3.tgz",
              "integrity": "sha1-Yzwsg+PaQqUC9SRmAiSA9CCCYd4="
            },
            "lodash": {
              "version": "https://registry.npmjs.org/lodash/-/lodash-4.17.4.tgz",
              "integrity": "sha1-eCA6TRwyiuHYbcpkYONptX9AVa4="
            },
            "minimatch": {
              "version": "https://registry.npmjs.org/minimatch/-/minimatch-3.0.3.tgz",
              "integrity": "sha1-Kk5AkLlrLbBqnX3wEFWmKnfJt3Q="
            },
            "once": {
              "version": "https://registry.npmjs.org/once/-/once-1.4.0.tgz",
              "integrity": "sha1-WDsap3WWHUsROsF9nFC6753Xa9E="
            },
            "path-is-absolute": {
              "version": "https://registry.npmjs.org/path-is-absolute/-/path-is-absolute-1.0.1.tgz",
              "integrity": "sha1-F0uSaHNVNP+8es5r9TpanhtcX18="
            },
            "pretur.i18n": {
              "version": "0.19.1",
              "dependencies": {}
            },
            "pretur.validation": {
              "version": "0.19.1",
              "dependencies": {}
            },
            "rimraf": {
              "version": "https://registry.npmjs.org/rimraf/-/rimraf-2.6.1.tgz",
              "integrity": "sha1-wjOOxkPfeht/5cVPqG9XQopV8z0="
            },
            "tslib": {
              "version": "https://registry.npmjs.org/tslib/-/tslib-1.7.1.tgz",
              "integrity": "sha1-vIAEFkaRkjp5/oN4u+s9ogF1OOw="
            },
            "typescript": {
              "version": "https://registry.npmjs.org/typescript/-/typescript-2.4.0-dev.20170523.tgz",
              "integrity": "sha1-bKEA+9Ec7qqyViMtu5YNqOxMGLE="
            },
            "wrappy": {
              "version": "https://registry.npmjs.org/wrappy/-/wrappy-1.0.2.tgz",
              "integrity": "sha1-tSQ9jz7BqjXxNkYFvA0QNuMKtp8="
            }
          }
        },
        "pretur.validation": {
          "version": "0.19.1",
          "dependencies": {
            "@types/bluebird": {
              "version": "https://registry.npmjs.org/@types/bluebird/-/bluebird-3.5.2.tgz",
              "integrity": "sha1-7PEQQhdJXlD+C1iNU4FGzW9zO4k="
            },
            "@types/iban": {
              "version": "https://registry.npmjs.org/@types/iban/-/iban-0.0.28.tgz",
              "integrity": "sha1-Jem/Ovp6nsYBYIpHRdkM7UlQzss="
            },
            "balanced-match": {
              "version": "https://registry.npmjs.org/balanced-match/-/balanced-match-0.4.2.tgz",
              "integrity": "sha1-yz8+PHMtwPAe5wtAPzAuYddwmDg="
            },
            "bluebird": {
              "version": "https://registry.npmjs.org/bluebird/-/bluebird-3.5.0.tgz",
              "integrity": "sha1-eRQg1/VR7qKJdFOop3ZT+WYG1nw="
            },
            "brace-expansion": {
              "version": "https://registry.npmjs.org/brace-expansion/-/brace-expansion-1.1.6.tgz",
              "integrity": "sha1-cZfX6qm4fmSDkOph/GbIRCdCDfk="
            },
            "concat-map": {
              "version": "https://registry.npmjs.org/concat-map/-/concat-map-0.0.1.tgz",
              "integrity": "sha1-2Klr13/Wjfd5OnMDajug1UBdR3s="
            },
            "fs.realpath": {
              "version": "https://registry.npmjs.org/fs.realpath/-/fs.realpath-1.0.0.tgz",
              "integrity": "sha1-FQStJSMVjKpA20onh8sBQRmU6k8="
            },
            "glob": {
              "version": "https://registry.npmjs.org/glob/-/glob-7.1.1.tgz",
              "integrity": "sha1-gFIR3wT6rxxjo2ADBs31reULLsg="
            },
            "iban": {
              "version": "https://registry.npmjs.org/iban/-/iban-0.0.8.tgz",
              "integrity": "sha1-TyPSOtUEoxmjqfduyQkHu0E8rhg="
            },
            "inflight": {
              "version": "https://registry.npmjs.org/inflight/-/inflight-1.0.6.tgz",
              "integrity": "sha1-Sb1jMdfQLQwJvJEKEHW6gWW1bfk="
            },
            "inherits": {
              "version": "https://registry.npmjs.org/inherits/-/inherits-2.0.3.tgz",
              "integrity": "sha1-Yzwsg+PaQqUC9SRmAiSA9CCCYd4="
            },
            "minimatch": {
              "version": "https://registry.npmjs.org/minimatch/-/minimatch-3.0.3.tgz",
              "integrity": "sha1-Kk5AkLlrLbBqnX3wEFWmKnfJt3Q="
            },
            "once": {
              "version": "https://registry.npmjs.org/once/-/once-1.4.0.tgz",
              "integrity": "sha1-WDsap3WWHUsROsF9nFC6753Xa9E="
            },
            "path-is-absolute": {
              "version": "https://registry.npmjs.org/path-is-absolute/-/path-is-absolute-1.0.1.tgz",
              "integrity": "sha1-F0uSaHNVNP+8es5r9TpanhtcX18="
            },
            "pretur.i18n": {
              "version": "0.19.1",
              "dependencies": {}
            },
            "rimraf": {
              "version": "https://registry.npmjs.org/rimraf/-/rimraf-2.6.1.tgz",
              "integrity": "sha1-wjOOxkPfeht/5cVPqG9XQopV8z0="
            },
            "tslib": {
              "version": "https://registry.npmjs.org/tslib/-/tslib-1.7.1.tgz",
              "integrity": "sha1-vIAEFkaRkjp5/oN4u+s9ogF1OOw="
            },
            "typescript": {
              "version": "https://registry.npmjs.org/typescript/-/typescript-2.4.0-dev.20170523.tgz",
              "integrity": "sha1-bKEA+9Ec7qqyViMtu5YNqOxMGLE="
            },
            "wrappy": {
              "version": "https://registry.npmjs.org/wrappy/-/wrappy-1.0.2.tgz",
              "integrity": "sha1-tSQ9jz7BqjXxNkYFvA0QNuMKtp8="
            }
          }
        },
        "rimraf": {
          "version": "https://registry.npmjs.org/rimraf/-/rimraf-2.6.1.tgz",
          "integrity": "sha1-wjOOxkPfeht/5cVPqG9XQopV8z0="
        },
        "tslib": {
          "version": "https://registry.npmjs.org/tslib/-/tslib-1.7.1.tgz",
          "integrity": "sha1-vIAEFkaRkjp5/oN4u+s9ogF1OOw="
        },
        "typescript": {
          "version": "https://registry.npmjs.org/typescript/-/typescript-2.4.0-dev.20170523.tgz",
          "integrity": "sha1-bKEA+9Ec7qqyViMtu5YNqOxMGLE="
        },
        "wrappy": {
          "version": "https://registry.npmjs.org/wrappy/-/wrappy-1.0.2.tgz",
          "integrity": "sha1-tSQ9jz7BqjXxNkYFvA0QNuMKtp8="
        }
      }
    },
    "pseudomap": {
      "version": "https://registry.npmjs.org/pseudomap/-/pseudomap-1.0.2.tgz",
      "integrity": "sha1-8FKijacOYYkX7wqKw0wa5aaChrM="
    },
    "retry-as-promised": {
      "version": "https://registry.npmjs.org/retry-as-promised/-/retry-as-promised-2.2.0.tgz",
      "integrity": "sha1-sEY9f9PPWy/tZFAKtui4pJxbjmw="
    },
    "rimraf": {
      "version": "https://registry.npmjs.org/rimraf/-/rimraf-2.6.1.tgz",
      "integrity": "sha1-wjOOxkPfeht/5cVPqG9XQopV8z0=",
      "dev": true
    },
    "semver": {
      "version": "https://registry.npmjs.org/semver/-/semver-5.3.0.tgz",
      "integrity": "sha1-myzl094C0XxgEq0yaqa00M9U+U8="
    },
    "sequelize": {
      "version": "4.0.0",
      "resolved": "https://registry.npmjs.org/sequelize/-/sequelize-4.0.0.tgz",
      "integrity": "sha512-sKJHt36Leyzlhsy2g8b2Q5DQxM4F8aIVFOohjnIC6d6rtutWmLjhW/7H2ZEqG8n/3hbK1mfSBnKqZCO7+1sJYA==",
      "dependencies": {
        "dottie": {
          "version": "2.0.0",
          "resolved": "https://registry.npmjs.org/dottie/-/dottie-2.0.0.tgz",
          "integrity": "sha1-2hkZgci41xPKARXViYzzl8Lw3dA="
        },
        "generic-pool": {
          "version": "3.1.7",
          "resolved": "https://registry.npmjs.org/generic-pool/-/generic-pool-3.1.7.tgz",
          "integrity": "sha1-2sIrLHp6BOQXMvfY0tJaMDyI9mI="
        },
        "uuid": {
          "version": "3.0.1",
          "resolved": "https://registry.npmjs.org/uuid/-/uuid-3.0.1.tgz",
          "integrity": "sha1-ZUS7ot/ajBzxfmKaOjBeK7H+5sE="
        },
        "validator": {
          "version": "6.3.0",
          "resolved": "https://registry.npmjs.org/validator/-/validator-6.3.0.tgz",
          "integrity": "sha1-R84j7Y1Ord+p1LjvAHG2zxB418g="
        },
        "wkx": {
          "version": "0.4.1",
          "resolved": "https://registry.npmjs.org/wkx/-/wkx-0.4.1.tgz",
          "integrity": "sha1-L8FxtenLVcYlb+9L3h8hvkE77+4="
        }
      }
    },
    "shebang-command": {
      "version": "https://registry.npmjs.org/shebang-command/-/shebang-command-1.2.0.tgz",
      "integrity": "sha1-RKrGW2lbAzmJaMOfNj/uXer98eo="
    },
    "shebang-regex": {
      "version": "https://registry.npmjs.org/shebang-regex/-/shebang-regex-1.0.0.tgz",
      "integrity": "sha1-2kL0l0DAtC2yypcoVxyxkMmO/qM="
    },
    "shimmer": {
      "version": "https://registry.npmjs.org/shimmer/-/shimmer-1.1.0.tgz",
      "integrity": "sha1-l9c3cTf/u6tCVSLkKf4KqJpIizU="
    },
    "terraformer": {
      "version": "https://registry.npmjs.org/terraformer/-/terraformer-1.0.7.tgz",
      "integrity": "sha1-2KGaVvvyWWbqBi0h9RW5NYlwLWk="
    },
    "terraformer-wkt-parser": {
      "version": "https://registry.npmjs.org/terraformer-wkt-parser/-/terraformer-wkt-parser-1.1.2.tgz",
      "integrity": "sha1-M2oMj8gglKWv+DKI9prt7NNpvww="
    },
    "toposort-class": {
      "version": "https://registry.npmjs.org/toposort-class/-/toposort-class-1.0.1.tgz",
      "integrity": "sha1-f/0feMi+KMO6Rc1OGj9e4ZO9mYg="
    },
    "tslib": {
      "version": "https://registry.npmjs.org/tslib/-/tslib-1.7.1.tgz",
      "integrity": "sha1-vIAEFkaRkjp5/oN4u+s9ogF1OOw="
    },
    "typescript": {
      "version": "2.4.0-dev.20170611",
      "resolved": "https://registry.npmjs.org/typescript/-/typescript-2.4.0-dev.20170611.tgz",
      "integrity": "sha1-/FBk4UcFwV8Nutm5BR46CTtoQoU=",
      "dev": true
    },
    "which": {
      "version": "https://registry.npmjs.org/which/-/which-1.2.12.tgz",
      "integrity": "sha1-3me15FAmnxlJCe8j7OTr5Bb6EZI="
    },
    "wrappy": {
      "version": "https://registry.npmjs.org/wrappy/-/wrappy-1.0.2.tgz",
      "integrity": "sha1-tSQ9jz7BqjXxNkYFvA0QNuMKtp8=",
      "dev": true
    },
    "yallist": {
      "version": "https://registry.npmjs.org/yallist/-/yallist-2.0.0.tgz",
      "integrity": "sha1-MGxUODXwnuGkyyO3vOmrNByRzdQ="
    }
  }
}
